
Microsoft Visual Studio Solution File, Format Version 12.00
# Visual Studio 15
VisualStudioVersion = 15.0.26730.16
MinimumVisualStudioVersion = 10.0.40219.1
Project("{2150E333-8FDC-42A3-9474-1A3956D46DE8}") = "1. Presentation", "1. Presentation", "{11440CC7-F1BF-42C8-92A8-22F18E649FD5}"
EndProject
Project("{2150E333-8FDC-42A3-9474-1A3956D46DE8}") = "2. Application", "2. Application", "{A5E42B46-F5E2-4947-8C4B-1E9B000A8749}"
EndProject
Project("{2150E333-8FDC-42A3-9474-1A3956D46DE8}") = "3. Data", "3. Data", "{E347DED2-0BF5-46A0-9301-CE6D18322377}"
EndProject
Project("{2150E333-8FDC-42A3-9474-1A3956D46DE8}") = "4. Tests", "4. Tests", "{6AAADD55-C0AE-4462-8848-93E6D6844EC2}"
EndProject
Project("{9A19103F-16F7-4668-BE54-9A1E7A4F7556}") = "Spp.Application.Core", "Spp.Application.Core\Spp.Application.Core.csproj", "{799C6932-181C-4315-9C42-2962061A4C2F}"
EndProject
Project("{9A19103F-16F7-4668-BE54-9A1E7A4F7556}") = "Spp.Data", "Spp.Data\Spp.Data.csproj", "{A879CB08-D72D-4F53-8AB5-BAAFC254F716}"
EndProject
Project("{9A19103F-16F7-4668-BE54-9A1E7A4F7556}") = "Spp.Application.Api", "Spp.Application.Api\Spp.Application.Api.csproj", "{91958E38-31AB-4B19-A1E3-343CF4AA6523}"
EndProject
Project("{2150E333-8FDC-42A3-9474-1A3956D46DE8}") = "4.2 Application", "4.2 Application", "{29B9229F-CD0F-49D8-92E9-B89B31CEE8F6}"
EndProject
Project("{9A19103F-16F7-4668-BE54-9A1E7A4F7556}") = "Spp.Application.Services", "Spp.Application.Services\Spp.Application.Services.csproj", "{525D1031-C94F-459D-96A0-9CA075A296EE}"
EndProject
Project("{9A19103F-16F7-4668-BE54-9A1E7A4F7556}") = "Spp.Application.Services.Tests", "Spp.Application.Services.Tests\Spp.Application.Services.Tests.csproj", "{2E6542C1-7DE5-4320-A425-6616E1924815}"
EndProject
Project("{2150E333-8FDC-42A3-9474-1A3956D46DE8}") = "1.1 User", "1.1 User", "{3E5C9CB5-F563-4671-B476-040128B2BD8C}"
EndProject
Project("{2150E333-8FDC-42A3-9474-1A3956D46DE8}") = "1.2 Admin", "1.2 Admin", "{BC48A6E3-F993-4633-99F6-7836F7C3466B}"
EndProject
Project("{FAE04EC0-301F-11D3-BF4B-00C04F79EFBC}") = "Spp.Presentation.User.Client", "Spp.Presentation.User.Client\Spp.Presentation.User.Client.csproj", "{B817B51F-D993-40E8-A9D5-10DEF5D0A33B}"
EndProject
Project("{FAE04EC0-301F-11D3-BF4B-00C04F79EFBC}") = "Spp.Presentation.User.Shared", "Spp.Presentation.User.Shared\Spp.Presentation.User.Shared.csproj", "{24A924C0-91CA-492F-97A0-3A1D1A57C17A}"
EndProject
Project("{FAE04EC0-301F-11D3-BF4B-00C04F79EFBC}") = "Spp.Presentation.Admin.WebApp", "Spp.Presentation.Admin.WebApp\Spp.Presentation.Admin.WebApp.csproj", "{296CD6F2-1E6F-4251-8FEB-369B9911CBA8}"
EndProject
Project("{FAE04EC0-301F-11D3-BF4B-00C04F79EFBC}") = "Spp.Presentation.User.FaceTrainer", "Spp.Presentation.User.FaceTrainer\Spp.Presentation.User.FaceTrainer.csproj", "{B08D337A-AF9F-4705-B8C1-C7F07FACD8C5}"
EndProject
Global
	GlobalSection(SolutionConfigurationPlatforms) = preSolution
		Debug|Any CPU = Debug|Any CPU
		Debug|ARM = Debug|ARM
		Debug|x64 = Debug|x64
		Debug|x86 = Debug|x86
		Release|Any CPU = Release|Any CPU
		Release|ARM = Release|ARM
		Release|x64 = Release|x64
		Release|x86 = Release|x86
	EndGlobalSection
	GlobalSection(ProjectConfigurationPlatforms) = postSolution
		{799C6932-181C-4315-9C42-2962061A4C2F}.Debug|Any CPU.ActiveCfg = Debug|Any CPU
		{799C6932-181C-4315-9C42-2962061A4C2F}.Debug|Any CPU.Build.0 = Debug|Any CPU
		{799C6932-181C-4315-9C42-2962061A4C2F}.Debug|ARM.ActiveCfg = Debug|Any CPU
		{799C6932-181C-4315-9C42-2962061A4C2F}.Debug|ARM.Build.0 = Debug|Any CPU
		{799C6932-181C-4315-9C42-2962061A4C2F}.Debug|x64.ActiveCfg = Debug|Any CPU
		{799C6932-181C-4315-9C42-2962061A4C2F}.Debug|x64.Build.0 = Debug|Any CPU
		{799C6932-181C-4315-9C42-2962061A4C2F}.Debug|x86.ActiveCfg = Debug|Any CPU
		{799C6932-181C-4315-9C42-2962061A4C2F}.Debug|x86.Build.0 = Debug|Any CPU
		{799C6932-181C-4315-9C42-2962061A4C2F}.Release|Any CPU.ActiveCfg = Release|Any CPU
		{799C6932-181C-4315-9C42-2962061A4C2F}.Release|Any CPU.Build.0 = Release|Any CPU
		{799C6932-181C-4315-9C42-2962061A4C2F}.Release|ARM.ActiveCfg = Release|Any CPU
		{799C6932-181C-4315-9C42-2962061A4C2F}.Release|ARM.Build.0 = Release|Any CPU
		{799C6932-181C-4315-9C42-2962061A4C2F}.Release|x64.ActiveCfg = Release|Any CPU
		{799C6932-181C-4315-9C42-2962061A4C2F}.Release|x64.Build.0 = Release|Any CPU
		{799C6932-181C-4315-9C42-2962061A4C2F}.Release|x86.ActiveCfg = Release|Any CPU
		{799C6932-181C-4315-9C42-2962061A4C2F}.Release|x86.Build.0 = Release|Any CPU
		{A879CB08-D72D-4F53-8AB5-BAAFC254F716}.Debug|Any CPU.ActiveCfg = Debug|Any CPU
		{A879CB08-D72D-4F53-8AB5-BAAFC254F716}.Debug|Any CPU.Build.0 = Debug|Any CPU
		{A879CB08-D72D-4F53-8AB5-BAAFC254F716}.Debug|ARM.ActiveCfg = Debug|Any CPU
		{A879CB08-D72D-4F53-8AB5-BAAFC254F716}.Debug|ARM.Build.0 = Debug|Any CPU
		{A879CB08-D72D-4F53-8AB5-BAAFC254F716}.Debug|x64.ActiveCfg = Debug|Any CPU
		{A879CB08-D72D-4F53-8AB5-BAAFC254F716}.Debug|x64.Build.0 = Debug|Any CPU
		{A879CB08-D72D-4F53-8AB5-BAAFC254F716}.Debug|x86.ActiveCfg = Debug|Any CPU
		{A879CB08-D72D-4F53-8AB5-BAAFC254F716}.Debug|x86.Build.0 = Debug|Any CPU
		{A879CB08-D72D-4F53-8AB5-BAAFC254F716}.Release|Any CPU.ActiveCfg = Release|Any CPU
		{A879CB08-D72D-4F53-8AB5-BAAFC254F716}.Release|Any CPU.Build.0 = Release|Any CPU
		{A879CB08-D72D-4F53-8AB5-BAAFC254F716}.Release|ARM.ActiveCfg = Release|Any CPU
		{A879CB08-D72D-4F53-8AB5-BAAFC254F716}.Release|ARM.Build.0 = Release|Any CPU
		{A879CB08-D72D-4F53-8AB5-BAAFC254F716}.Release|x64.ActiveCfg = Release|Any CPU
		{A879CB08-D72D-4F53-8AB5-BAAFC254F716}.Release|x64.Build.0 = Release|Any CPU
		{A879CB08-D72D-4F53-8AB5-BAAFC254F716}.Release|x86.ActiveCfg = Release|Any CPU
		{A879CB08-D72D-4F53-8AB5-BAAFC254F716}.Release|x86.Build.0 = Release|Any CPU
		{91958E38-31AB-4B19-A1E3-343CF4AA6523}.Debug|Any CPU.ActiveCfg = Debug|Any CPU
		{91958E38-31AB-4B19-A1E3-343CF4AA6523}.Debug|Any CPU.Build.0 = Debug|Any CPU
		{91958E38-31AB-4B19-A1E3-343CF4AA6523}.Debug|ARM.ActiveCfg = Debug|Any CPU
		{91958E38-31AB-4B19-A1E3-343CF4AA6523}.Debug|ARM.Build.0 = Debug|Any CPU
		{91958E38-31AB-4B19-A1E3-343CF4AA6523}.Debug|x64.ActiveCfg = Debug|Any CPU
		{91958E38-31AB-4B19-A1E3-343CF4AA6523}.Debug|x64.Build.0 = Debug|Any CPU
		{91958E38-31AB-4B19-A1E3-343CF4AA6523}.Debug|x86.ActiveCfg = Debug|Any CPU
		{91958E38-31AB-4B19-A1E3-343CF4AA6523}.Debug|x86.Build.0 = Debug|Any CPU
		{91958E38-31AB-4B19-A1E3-343CF4AA6523}.Release|Any CPU.ActiveCfg = Release|Any CPU
		{91958E38-31AB-4B19-A1E3-343CF4AA6523}.Release|Any CPU.Build.0 = Release|Any CPU
		{91958E38-31AB-4B19-A1E3-343CF4AA6523}.Release|ARM.ActiveCfg = Release|Any CPU
		{91958E38-31AB-4B19-A1E3-343CF4AA6523}.Release|ARM.Build.0 = Release|Any CPU
		{91958E38-31AB-4B19-A1E3-343CF4AA6523}.Release|x64.ActiveCfg = Release|Any CPU
		{91958E38-31AB-4B19-A1E3-343CF4AA6523}.Release|x64.Build.0 = Release|Any CPU
		{91958E38-31AB-4B19-A1E3-343CF4AA6523}.Release|x86.ActiveCfg = Release|Any CPU
		{91958E38-31AB-4B19-A1E3-343CF4AA6523}.Release|x86.Build.0 = Release|Any CPU
		{525D1031-C94F-459D-96A0-9CA075A296EE}.Debug|Any CPU.ActiveCfg = Debug|Any CPU
		{525D1031-C94F-459D-96A0-9CA075A296EE}.Debug|Any CPU.Build.0 = Debug|Any CPU
		{525D1031-C94F-459D-96A0-9CA075A296EE}.Debug|ARM.ActiveCfg = Debug|Any CPU
		{525D1031-C94F-459D-96A0-9CA075A296EE}.Debug|ARM.Build.0 = Debug|Any CPU
		{525D1031-C94F-459D-96A0-9CA075A296EE}.Debug|x64.ActiveCfg = Debug|Any CPU
		{525D1031-C94F-459D-96A0-9CA075A296EE}.Debug|x64.Build.0 = Debug|Any CPU
		{525D1031-C94F-459D-96A0-9CA075A296EE}.Debug|x86.ActiveCfg = Debug|Any CPU
		{525D1031-C94F-459D-96A0-9CA075A296EE}.Debug|x86.Build.0 = Debug|Any CPU
		{525D1031-C94F-459D-96A0-9CA075A296EE}.Release|Any CPU.ActiveCfg = Release|Any CPU
		{525D1031-C94F-459D-96A0-9CA075A296EE}.Release|Any CPU.Build.0 = Release|Any CPU
		{525D1031-C94F-459D-96A0-9CA075A296EE}.Release|ARM.ActiveCfg = Release|Any CPU
		{525D1031-C94F-459D-96A0-9CA075A296EE}.Release|ARM.Build.0 = Release|Any CPU
		{525D1031-C94F-459D-96A0-9CA075A296EE}.Release|x64.ActiveCfg = Release|Any CPU
		{525D1031-C94F-459D-96A0-9CA075A296EE}.Release|x64.Build.0 = Release|Any CPU
		{525D1031-C94F-459D-96A0-9CA075A296EE}.Release|x86.ActiveCfg = Release|Any CPU
		{525D1031-C94F-459D-96A0-9CA075A296EE}.Release|x86.Build.0 = Release|Any CPU
		{2E6542C1-7DE5-4320-A425-6616E1924815}.Debug|Any CPU.ActiveCfg = Debug|Any CPU
		{2E6542C1-7DE5-4320-A425-6616E1924815}.Debug|Any CPU.Build.0 = Debug|Any CPU
		{2E6542C1-7DE5-4320-A425-6616E1924815}.Debug|ARM.ActiveCfg = Debug|Any CPU
		{2E6542C1-7DE5-4320-A425-6616E1924815}.Debug|ARM.Build.0 = Debug|Any CPU
		{2E6542C1-7DE5-4320-A425-6616E1924815}.Debug|x64.ActiveCfg = Debug|Any CPU
		{2E6542C1-7DE5-4320-A425-6616E1924815}.Debug|x64.Build.0 = Debug|Any CPU
		{2E6542C1-7DE5-4320-A425-6616E1924815}.Debug|x86.ActiveCfg = Debug|Any CPU
		{2E6542C1-7DE5-4320-A425-6616E1924815}.Debug|x86.Build.0 = Debug|Any CPU
		{2E6542C1-7DE5-4320-A425-6616E1924815}.Release|Any CPU.ActiveCfg = Release|Any CPU
		{2E6542C1-7DE5-4320-A425-6616E1924815}.Release|Any CPU.Build.0 = Release|Any CPU
		{2E6542C1-7DE5-4320-A425-6616E1924815}.Release|ARM.ActiveCfg = Release|Any CPU
		{2E6542C1-7DE5-4320-A425-6616E1924815}.Release|ARM.Build.0 = Release|Any CPU
		{2E6542C1-7DE5-4320-A425-6616E1924815}.Release|x64.ActiveCfg = Release|Any CPU
		{2E6542C1-7DE5-4320-A425-6616E1924815}.Release|x64.Build.0 = Release|Any CPU
		{2E6542C1-7DE5-4320-A425-6616E1924815}.Release|x86.ActiveCfg = Release|Any CPU
		{2E6542C1-7DE5-4320-A425-6616E1924815}.Release|x86.Build.0 = Release|Any CPU
		{B817B51F-D993-40E8-A9D5-10DEF5D0A33B}.Debug|Any CPU.ActiveCfg = Debug|x86
		{B817B51F-D993-40E8-A9D5-10DEF5D0A33B}.Debug|ARM.ActiveCfg = Debug|ARM
		{B817B51F-D993-40E8-A9D5-10DEF5D0A33B}.Debug|ARM.Build.0 = Debug|ARM
		{B817B51F-D993-40E8-A9D5-10DEF5D0A33B}.Debug|ARM.Deploy.0 = Debug|ARM
		{B817B51F-D993-40E8-A9D5-10DEF5D0A33B}.Debug|x64.ActiveCfg = Debug|x64
		{B817B51F-D993-40E8-A9D5-10DEF5D0A33B}.Debug|x64.Build.0 = Debug|x64
		{B817B51F-D993-40E8-A9D5-10DEF5D0A33B}.Debug|x64.Deploy.0 = Debug|x64
		{B817B51F-D993-40E8-A9D5-10DEF5D0A33B}.Debug|x86.ActiveCfg = Debug|x86
		{B817B51F-D993-40E8-A9D5-10DEF5D0A33B}.Debug|x86.Build.0 = Debug|x86
		{B817B51F-D993-40E8-A9D5-10DEF5D0A33B}.Debug|x86.Deploy.0 = Debug|x86
		{B817B51F-D993-40E8-A9D5-10DEF5D0A33B}.Release|Any CPU.ActiveCfg = Release|x86
		{B817B51F-D993-40E8-A9D5-10DEF5D0A33B}.Release|ARM.ActiveCfg = Release|ARM
		{B817B51F-D993-40E8-A9D5-10DEF5D0A33B}.Release|ARM.Build.0 = Release|ARM
		{B817B51F-D993-40E8-A9D5-10DEF5D0A33B}.Release|ARM.Deploy.0 = Release|ARM
		{B817B51F-D993-40E8-A9D5-10DEF5D0A33B}.Release|x64.ActiveCfg = Release|x64
		{B817B51F-D993-40E8-A9D5-10DEF5D0A33B}.Release|x64.Build.0 = Release|x64
		{B817B51F-D993-40E8-A9D5-10DEF5D0A33B}.Release|x64.Deploy.0 = Release|x64
		{B817B51F-D993-40E8-A9D5-10DEF5D0A33B}.Release|x86.ActiveCfg = Release|x86
		{B817B51F-D993-40E8-A9D5-10DEF5D0A33B}.Release|x86.Build.0 = Release|x86
		{B817B51F-D993-40E8-A9D5-10DEF5D0A33B}.Release|x86.Deploy.0 = Release|x86
		{24A924C0-91CA-492F-97A0-3A1D1A57C17A}.Debug|Any CPU.ActiveCfg = Debug|Any CPU
		{24A924C0-91CA-492F-97A0-3A1D1A57C17A}.Debug|Any CPU.Build.0 = Debug|Any CPU
		{24A924C0-91CA-492F-97A0-3A1D1A57C17A}.Debug|ARM.ActiveCfg = Debug|ARM
		{24A924C0-91CA-492F-97A0-3A1D1A57C17A}.Debug|ARM.Build.0 = Debug|ARM
		{24A924C0-91CA-492F-97A0-3A1D1A57C17A}.Debug|x64.ActiveCfg = Debug|x64
		{24A924C0-91CA-492F-97A0-3A1D1A57C17A}.Debug|x64.Build.0 = Debug|x64
		{24A924C0-91CA-492F-97A0-3A1D1A57C17A}.Debug|x86.ActiveCfg = Debug|x86
		{24A924C0-91CA-492F-97A0-3A1D1A57C17A}.Debug|x86.Build.0 = Debug|x86
		{24A924C0-91CA-492F-97A0-3A1D1A57C17A}.Release|Any CPU.ActiveCfg = Release|Any CPU
		{24A924C0-91CA-492F-97A0-3A1D1A57C17A}.Release|Any CPU.Build.0 = Release|Any CPU
		{24A924C0-91CA-492F-97A0-3A1D1A57C17A}.Release|ARM.ActiveCfg = Release|ARM
		{24A924C0-91CA-492F-97A0-3A1D1A57C17A}.Release|ARM.Build.0 = Release|ARM
		{24A924C0-91CA-492F-97A0-3A1D1A57C17A}.Release|x64.ActiveCfg = Release|x64
		{24A924C0-91CA-492F-97A0-3A1D1A57C17A}.Release|x64.Build.0 = Release|x64
		{24A924C0-91CA-492F-97A0-3A1D1A57C17A}.Release|x86.ActiveCfg = Release|x86
		{24A924C0-91CA-492F-97A0-3A1D1A57C17A}.Release|x86.Build.0 = Release|x86
		{296CD6F2-1E6F-4251-8FEB-369B9911CBA8}.Debug|Any CPU.ActiveCfg = Debug|Any CPU
		{296CD6F2-1E6F-4251-8FEB-369B9911CBA8}.Debug|Any CPU.Build.0 = Debug|Any CPU
		{296CD6F2-1E6F-4251-8FEB-369B9911CBA8}.Debug|ARM.ActiveCfg = Debug|Any CPU
		{296CD6F2-1E6F-4251-8FEB-369B9911CBA8}.Debug|ARM.Build.0 = Debug|Any CPU
		{296CD6F2-1E6F-4251-8FEB-369B9911CBA8}.Debug|x64.ActiveCfg = Debug|Any CPU
		{296CD6F2-1E6F-4251-8FEB-369B9911CBA8}.Debug|x64.Build.0 = Debug|Any CPU
		{296CD6F2-1E6F-4251-8FEB-369B9911CBA8}.Debug|x86.ActiveCfg = Debug|Any CPU
		{296CD6F2-1E6F-4251-8FEB-369B9911CBA8}.Debug|x86.Build.0 = Debug|Any CPU
		{296CD6F2-1E6F-4251-8FEB-369B9911CBA8}.Release|Any CPU.ActiveCfg = Release|Any CPU
		{296CD6F2-1E6F-4251-8FEB-369B9911CBA8}.Release|Any CPU.Build.0 = Release|Any CPU
		{296CD6F2-1E6F-4251-8FEB-369B9911CBA8}.Release|ARM.ActiveCfg = Release|Any CPU
		{296CD6F2-1E6F-4251-8FEB-369B9911CBA8}.Release|ARM.Build.0 = Release|Any CPU
		{296CD6F2-1E6F-4251-8FEB-369B9911CBA8}.Release|x64.ActiveCfg = Release|Any CPU
		{296CD6F2-1E6F-4251-8FEB-369B9911CBA8}.Release|x64.Build.0 = Release|Any CPU
		{296CD6F2-1E6F-4251-8FEB-369B9911CBA8}.Release|x86.ActiveCfg = Release|Any CPU
		{296CD6F2-1E6F-4251-8FEB-369B9911CBA8}.Release|x86.Build.0 = Release|Any CPU
		{B08D337A-AF9F-4705-B8C1-C7F07FACD8C5}.Debug|Any CPU.ActiveCfg = Debug|x86
		{B08D337A-AF9F-4705-B8C1-C7F07FACD8C5}.Debug|ARM.ActiveCfg = Debug|ARM
		{B08D337A-AF9F-4705-B8C1-C7F07FACD8C5}.Debug|ARM.Build.0 = Debug|ARM
		{B08D337A-AF9F-4705-B8C1-C7F07FACD8C5}.Debug|ARM.Deploy.0 = Debug|ARM
		{B08D337A-AF9F-4705-B8C1-C7F07FACD8C5}.Debug|x64.ActiveCfg = Debug|x64
		{B08D337A-AF9F-4705-B8C1-C7F07FACD8C5}.Debug|x64.Build.0 = Debug|x64
		{B08D337A-AF9F-4705-B8C1-C7F07FACD8C5}.Debug|x64.Deploy.0 = Debug|x64
		{B08D337A-AF9F-4705-B8C1-C7F07FACD8C5}.Debug|x86.ActiveCfg = Debug|x86
		{B08D337A-AF9F-4705-B8C1-C7F07FACD8C5}.Debug|x86.Build.0 = Debug|x86
		{B08D337A-AF9F-4705-B8C1-C7F07FACD8C5}.Debug|x86.Deploy.0 = Debug|x86
		{B08D337A-AF9F-4705-B8C1-C7F07FACD8C5}.Release|Any CPU.ActiveCfg = Release|x86
		{B08D337A-AF9F-4705-B8C1-C7F07FACD8C5}.Release|ARM.ActiveCfg = Release|ARM
		{B08D337A-AF9F-4705-B8C1-C7F07FACD8C5}.Release|ARM.Build.0 = Release|ARM
		{B08D337A-AF9F-4705-B8C1-C7F07FACD8C5}.Release|ARM.Deploy.0 = Release|ARM
		{B08D337A-AF9F-4705-B8C1-C7F07FACD8C5}.Release|x64.ActiveCfg = Release|x64
		{B08D337A-AF9F-4705-B8C1-C7F07FACD8C5}.Release|x64.Build.0 = Release|x64
		{B08D337A-AF9F-4705-B8C1-C7F07FACD8C5}.Release|x64.Deploy.0 = Release|x64
		{B08D337A-AF9F-4705-B8C1-C7F07FACD8C5}.Release|x86.ActiveCfg = Release|x86
		{B08D337A-AF9F-4705-B8C1-C7F07FACD8C5}.Release|x86.Build.0 = Release|x86
		{B08D337A-AF9F-4705-B8C1-C7F07FACD8C5}.Release|x86.Deploy.0 = Release|x86
	EndGlobalSection
	GlobalSection(SolutionProperties) = preSolution
		HideSolutionNode = FALSE
	EndGlobalSection
	GlobalSection(NestedProjects) = preSolution
		{799C6932-181C-4315-9C42-2962061A4C2F} = {A5E42B46-F5E2-4947-8C4B-1E9B000A8749}
		{A879CB08-D72D-4F53-8AB5-BAAFC254F716} = {E347DED2-0BF5-46A0-9301-CE6D18322377}
		{91958E38-31AB-4B19-A1E3-343CF4AA6523} = {A5E42B46-F5E2-4947-8C4B-1E9B000A8749}
		{29B9229F-CD0F-49D8-92E9-B89B31CEE8F6} = {6AAADD55-C0AE-4462-8848-93E6D6844EC2}
		{525D1031-C94F-459D-96A0-9CA075A296EE} = {A5E42B46-F5E2-4947-8C4B-1E9B000A8749}
		{2E6542C1-7DE5-4320-A425-6616E1924815} = {29B9229F-CD0F-49D8-92E9-B89B31CEE8F6}
		{3E5C9CB5-F563-4671-B476-040128B2BD8C} = {11440CC7-F1BF-42C8-92A8-22F18E649FD5}
		{BC48A6E3-F993-4633-99F6-7836F7C3466B} = {11440CC7-F1BF-42C8-92A8-22F18E649FD5}
		{B817B51F-D993-40E8-A9D5-10DEF5D0A33B} = {3E5C9CB5-F563-4671-B476-040128B2BD8C}
		{24A924C0-91CA-492F-97A0-3A1D1A57C17A} = {3E5C9CB5-F563-4671-B476-040128B2BD8C}
		{296CD6F2-1E6F-4251-8FEB-369B9911CBA8} = {BC48A6E3-F993-4633-99F6-7836F7C3466B}
		{B08D337A-AF9F-4705-B8C1-C7F07FACD8C5} = {3E5C9CB5-F563-4671-B476-040128B2BD8C}
	EndGlobalSection
	GlobalSection(ExtensibilityGlobals) = postSolution
		SolutionGuid = {B81B3506-9E8E-44E3-AFFA-B728FB70C66C}
	EndGlobalSection
EndGlobal
