
Microsoft Visual Studio Solution File, Format Version 12.00
# Visual Studio 15
VisualStudioVersion = 15.0.26730.16
MinimumVisualStudioVersion = 10.0.40219.1
Project("{9A19103F-16F7-4668-BE54-9A1E7A4F7556}") = "Spp.Application.Api", "Spp.Application.Api\Spp.Application.Api.csproj", "{2543ADF0-7E14-41DF-A200-E0788AC5CED6}"
EndProject
Project("{9A19103F-16F7-4668-BE54-9A1E7A4F7556}") = "Spp.Application.Core", "Spp.Application.Core\Spp.Application.Core.csproj", "{68FF4C25-E40B-4F2C-BE9C-072CCBF36CB3}"
EndProject
Project("{9A19103F-16F7-4668-BE54-9A1E7A4F7556}") = "Spp.Application.Services", "Spp.Application.Services\Spp.Application.Services.csproj", "{3CFE5859-050C-49A0-B27E-35C4566EEAB8}"
EndProject
Project("{9A19103F-16F7-4668-BE54-9A1E7A4F7556}") = "Spp.Application.Services.Tests", "Spp.Application.Services.Tests\Spp.Application.Services.Tests.csproj", "{2C7B69FC-AFEB-4AAA-95E7-A240FB7F55DE}"
EndProject
Project("{9A19103F-16F7-4668-BE54-9A1E7A4F7556}") = "Spp.Data", "Spp.Data\Spp.Data.csproj", "{C376C885-548A-42AF-B912-2D7940738279}"
EndProject
Global
	GlobalSection(SolutionConfigurationPlatforms) = preSolution
		Debug|Any CPU = Debug|Any CPU
		Release|Any CPU = Release|Any CPU
	EndGlobalSection
	GlobalSection(ProjectConfigurationPlatforms) = postSolution
		{2543ADF0-7E14-41DF-A200-E0788AC5CED6}.Debug|Any CPU.ActiveCfg = Debug|Any CPU
		{2543ADF0-7E14-41DF-A200-E0788AC5CED6}.Debug|Any CPU.Build.0 = Debug|Any CPU
		{2543ADF0-7E14-41DF-A200-E0788AC5CED6}.Release|Any CPU.ActiveCfg = Release|Any CPU
		{2543ADF0-7E14-41DF-A200-E0788AC5CED6}.Release|Any CPU.Build.0 = Release|Any CPU
		{68FF4C25-E40B-4F2C-BE9C-072CCBF36CB3}.Debug|Any CPU.ActiveCfg = Debug|Any CPU
		{68FF4C25-E40B-4F2C-BE9C-072CCBF36CB3}.Debug|Any CPU.Build.0 = Debug|Any CPU
		{68FF4C25-E40B-4F2C-BE9C-072CCBF36CB3}.Release|Any CPU.ActiveCfg = Release|Any CPU
		{68FF4C25-E40B-4F2C-BE9C-072CCBF36CB3}.Release|Any CPU.Build.0 = Release|Any CPU
		{3CFE5859-050C-49A0-B27E-35C4566EEAB8}.Debug|Any CPU.ActiveCfg = Debug|Any CPU
		{3CFE5859-050C-49A0-B27E-35C4566EEAB8}.Debug|Any CPU.Build.0 = Debug|Any CPU
		{3CFE5859-050C-49A0-B27E-35C4566EEAB8}.Release|Any CPU.ActiveCfg = Release|Any CPU
		{3CFE5859-050C-49A0-B27E-35C4566EEAB8}.Release|Any CPU.Build.0 = Release|Any CPU
		{2C7B69FC-AFEB-4AAA-95E7-A240FB7F55DE}.Debug|Any CPU.ActiveCfg = Debug|Any CPU
		{2C7B69FC-AFEB-4AAA-95E7-A240FB7F55DE}.Debug|Any CPU.Build.0 = Debug|Any CPU
		{2C7B69FC-AFEB-4AAA-95E7-A240FB7F55DE}.Release|Any CPU.ActiveCfg = Release|Any CPU
		{2C7B69FC-AFEB-4AAA-95E7-A240FB7F55DE}.Release|Any CPU.Build.0 = Release|Any CPU
		{C376C885-548A-42AF-B912-2D7940738279}.Debug|Any CPU.ActiveCfg = Debug|Any CPU
		{C376C885-548A-42AF-B912-2D7940738279}.Debug|Any CPU.Build.0 = Debug|Any CPU
		{C376C885-548A-42AF-B912-2D7940738279}.Release|Any CPU.ActiveCfg = Release|Any CPU
		{C376C885-548A-42AF-B912-2D7940738279}.Release|Any CPU.Build.0 = Release|Any CPU
	EndGlobalSection
	GlobalSection(SolutionProperties) = preSolution
		HideSolutionNode = FALSE
	EndGlobalSection
	GlobalSection(ExtensibilityGlobals) = postSolution
		SolutionGuid = {2D82ECC6-EEBF-41F0-9165-F3D64AE9350F}
	EndGlobalSection
EndGlobal
